
Microsoft Visual Studio Solution File, Format Version 12.00
# Visual Studio Version 17
VisualStudioVersion = 17.0.31903.59
MinimumVisualStudioVersion = 10.0.40219.1
Project("{9A19103F-16F7-4668-BE54-9A1E7A4F7556}") = "MyProject_Api", "Api\MyProject_Api.csproj", "{8482A49A-B7A8-46A8-80E2-9511911C0DD2}"
EndProject
Project("{9A19103F-16F7-4668-BE54-9A1E7A4F7556}") = "Web", "App\Web.csproj", "{1F6027E1-B624-40E8-B315-CDF3FCE04F47}"
EndProject
Project("{FAE04EC0-301F-11D3-BF4B-00C04F79EFBC}") = "Db", "Db\Db.csproj", "{3DDF3E9C-A28B-400E-AEF9-7A20A3AAD016}"
EndProject
Global
	GlobalSection(SolutionConfigurationPlatforms) = preSolution
		Debug|Any CPU = Debug|Any CPU
		Release|Any CPU = Release|Any CPU
	EndGlobalSection
	GlobalSection(ProjectConfigurationPlatforms) = postSolution
		{8482A49A-B7A8-46A8-80E2-9511911C0DD2}.Debug|Any CPU.ActiveCfg = Debug|Any CPU
		{8482A49A-B7A8-46A8-80E2-9511911C0DD2}.Debug|Any CPU.Build.0 = Debug|Any CPU
		{8482A49A-B7A8-46A8-80E2-9511911C0DD2}.Release|Any CPU.ActiveCfg = Release|Any CPU
		{8482A49A-B7A8-46A8-80E2-9511911C0DD2}.Release|Any CPU.Build.0 = Release|Any CPU
		{1F6027E1-B624-40E8-B315-CDF3FCE04F47}.Debug|Any CPU.ActiveCfg = Debug|Any CPU
		{1F6027E1-B624-40E8-B315-CDF3FCE04F47}.Debug|Any CPU.Build.0 = Debug|Any CPU
		{1F6027E1-B624-40E8-B315-CDF3FCE04F47}.Release|Any CPU.ActiveCfg = Release|Any CPU
		{1F6027E1-B624-40E8-B315-CDF3FCE04F47}.Release|Any CPU.Build.0 = Release|Any CPU
		{3DDF3E9C-A28B-400E-AEF9-7A20A3AAD016}.Debug|Any CPU.ActiveCfg = Debug|Any CPU
		{3DDF3E9C-A28B-400E-AEF9-7A20A3AAD016}.Debug|Any CPU.Build.0 = Debug|Any CPU
		{3DDF3E9C-A28B-400E-AEF9-7A20A3AAD016}.Release|Any CPU.ActiveCfg = Release|Any CPU
		{3DDF3E9C-A28B-400E-AEF9-7A20A3AAD016}.Release|Any CPU.Build.0 = Release|Any CPU
	EndGlobalSection
	GlobalSection(SolutionProperties) = preSolution
		HideSolutionNode = FALSE
	EndGlobalSection
	GlobalSection(ExtensibilityGlobals) = postSolution
		SolutionGuid = {129F84AA-DEF1-4364-9F39-8FB735E719FC}
	EndGlobalSection
EndGlobal
