
Microsoft Visual Studio Solution File, Format Version 12.00
# Visual Studio Version 17
VisualStudioVersion = 17.0.31903.59
MinimumVisualStudioVersion = 10.0.40219.1
Project("{9A19103F-16F7-4668-BE54-9A1E7A4F7556}") = "Api", "Api\Api.csproj", "{8482A49A-B7A8-46A8-80E2-9511911C0DD2}"
EndProject
Project("{9A19103F-16F7-4668-BE54-9A1E7A4F7556}") = "Db", "Db\Db.csproj", "{3DDF3E9C-A28B-400E-AEF9-7A20A3AAD016}"
EndProject
Project("{2150E333-8FDC-42A3-9474-1A3956D46DE8}") = "Solution Items", "Solution Items", "{89D9DF8C-D301-480E-9590-A9DC866F0692}"
	ProjectSection(SolutionItems) = preProject
		.env = .env
		package.json = package.json
	EndProjectSection
EndProject
Project("{9A19103F-16F7-4668-BE54-9A1E7A4F7556}") = "Web", "Web\Web.csproj", "{940BC9C8-8D12-4990-9F31-E11113F94CDB}"
EndProject
Project("{9A19103F-16F7-4668-BE54-9A1E7A4F7556}") = "Infra", "Infra\Infra.csproj", "{5B22DB0E-72FC-4B17-A72F-9239703277F5}"
EndProject
Project("{9A19103F-16F7-4668-BE54-9A1E7A4F7556}") = "Core", "Core\Core.csproj", "{8D60FFFE-CE25-4009-A6E8-75237FCCEAEE}"
EndProject
Project("{9A19103F-16F7-4668-BE54-9A1E7A4F7556}") = "Infra.Cli", "Infra.Cli\Infra.Cli.csproj", "{B9F4A3DF-25A1-4E84-ABF4-DBD5DA333FED}"
EndProject
Project("{FAE04EC0-301F-11D3-BF4B-00C04F79EFBC}") = "Infra.Tests", "Infra.Tests\Infra.Tests.csproj", "{A3B6B189-195F-4FFA-A660-190D726B2DB9}"
EndProject
Project("{FAE04EC0-301F-11D3-BF4B-00C04F79EFBC}") = "Infra.B2C", "Infra.B2C\Infra.B2C.csproj", "{CF021BA8-E652-4EF5-ABCC-30CEBA2EDB32}"
EndProject
Global
	GlobalSection(SolutionConfigurationPlatforms) = preSolution
		Debug|Any CPU = Debug|Any CPU
		Release|Any CPU = Release|Any CPU
	EndGlobalSection
	GlobalSection(ProjectConfigurationPlatforms) = postSolution
		{8482A49A-B7A8-46A8-80E2-9511911C0DD2}.Debug|Any CPU.ActiveCfg = Debug|Any CPU
		{8482A49A-B7A8-46A8-80E2-9511911C0DD2}.Debug|Any CPU.Build.0 = Debug|Any CPU
		{8482A49A-B7A8-46A8-80E2-9511911C0DD2}.Release|Any CPU.ActiveCfg = Release|Any CPU
		{8482A49A-B7A8-46A8-80E2-9511911C0DD2}.Release|Any CPU.Build.0 = Release|Any CPU
		{3DDF3E9C-A28B-400E-AEF9-7A20A3AAD016}.Debug|Any CPU.ActiveCfg = Debug|Any CPU
		{3DDF3E9C-A28B-400E-AEF9-7A20A3AAD016}.Debug|Any CPU.Build.0 = Debug|Any CPU
		{3DDF3E9C-A28B-400E-AEF9-7A20A3AAD016}.Release|Any CPU.ActiveCfg = Release|Any CPU
		{3DDF3E9C-A28B-400E-AEF9-7A20A3AAD016}.Release|Any CPU.Build.0 = Release|Any CPU
		{940BC9C8-8D12-4990-9F31-E11113F94CDB}.Debug|Any CPU.ActiveCfg = Debug|Any CPU
		{940BC9C8-8D12-4990-9F31-E11113F94CDB}.Debug|Any CPU.Build.0 = Debug|Any CPU
		{940BC9C8-8D12-4990-9F31-E11113F94CDB}.Release|Any CPU.ActiveCfg = Release|Any CPU
		{940BC9C8-8D12-4990-9F31-E11113F94CDB}.Release|Any CPU.Build.0 = Release|Any CPU
		{5B22DB0E-72FC-4B17-A72F-9239703277F5}.Debug|Any CPU.ActiveCfg = Debug|Any CPU
		{5B22DB0E-72FC-4B17-A72F-9239703277F5}.Debug|Any CPU.Build.0 = Debug|Any CPU
		{5B22DB0E-72FC-4B17-A72F-9239703277F5}.Release|Any CPU.ActiveCfg = Release|Any CPU
		{5B22DB0E-72FC-4B17-A72F-9239703277F5}.Release|Any CPU.Build.0 = Release|Any CPU
		{8D60FFFE-CE25-4009-A6E8-75237FCCEAEE}.Debug|Any CPU.ActiveCfg = Debug|Any CPU
		{8D60FFFE-CE25-4009-A6E8-75237FCCEAEE}.Debug|Any CPU.Build.0 = Debug|Any CPU
		{8D60FFFE-CE25-4009-A6E8-75237FCCEAEE}.Release|Any CPU.ActiveCfg = Release|Any CPU
		{8D60FFFE-CE25-4009-A6E8-75237FCCEAEE}.Release|Any CPU.Build.0 = Release|Any CPU
		{B9F4A3DF-25A1-4E84-ABF4-DBD5DA333FED}.Debug|Any CPU.ActiveCfg = Debug|Any CPU
		{B9F4A3DF-25A1-4E84-ABF4-DBD5DA333FED}.Debug|Any CPU.Build.0 = Debug|Any CPU
		{B9F4A3DF-25A1-4E84-ABF4-DBD5DA333FED}.Release|Any CPU.ActiveCfg = Release|Any CPU
		{B9F4A3DF-25A1-4E84-ABF4-DBD5DA333FED}.Release|Any CPU.Build.0 = Release|Any CPU
		{A3B6B189-195F-4FFA-A660-190D726B2DB9}.Debug|Any CPU.ActiveCfg = Debug|Any CPU
		{A3B6B189-195F-4FFA-A660-190D726B2DB9}.Debug|Any CPU.Build.0 = Debug|Any CPU
		{A3B6B189-195F-4FFA-A660-190D726B2DB9}.Release|Any CPU.ActiveCfg = Release|Any CPU
		{A3B6B189-195F-4FFA-A660-190D726B2DB9}.Release|Any CPU.Build.0 = Release|Any CPU
		{CF021BA8-E652-4EF5-ABCC-30CEBA2EDB32}.Debug|Any CPU.ActiveCfg = Debug|Any CPU
		{CF021BA8-E652-4EF5-ABCC-30CEBA2EDB32}.Debug|Any CPU.Build.0 = Debug|Any CPU
		{CF021BA8-E652-4EF5-ABCC-30CEBA2EDB32}.Release|Any CPU.ActiveCfg = Release|Any CPU
		{CF021BA8-E652-4EF5-ABCC-30CEBA2EDB32}.Release|Any CPU.Build.0 = Release|Any CPU
	EndGlobalSection
	GlobalSection(SolutionProperties) = preSolution
		HideSolutionNode = FALSE
	EndGlobalSection
	GlobalSection(ExtensibilityGlobals) = postSolution
		SolutionGuid = {129F84AA-DEF1-4364-9F39-8FB735E719FC}
	EndGlobalSection
EndGlobal
